
Microsoft Visual Studio Solution File, Format Version 12.00
# Visual Studio Version 16
VisualStudioVersion = 16.0.28803.156
MinimumVisualStudioVersion = 10.0.40219.1
Project("{9A19103F-16F7-4668-BE54-9A1E7A4F7556}") = "Api", "Api\Api.csproj", "{9EBEC111-214B-4923-9428-2F1B4CA10393}"
EndProject
Project("{9A19103F-16F7-4668-BE54-9A1E7A4F7556}") = "Services", "Services\Services.csproj", "{C8048B92-778C-441B-BB7F-9A7A977B2365}"
EndProject
Project("{9A19103F-16F7-4668-BE54-9A1E7A4F7556}") = "Domain", "Domain\Domain.csproj", "{ECCAD598-7587-4ABB-B933-DA4E5F82B18B}"
EndProject
Project("{9A19103F-16F7-4668-BE54-9A1E7A4F7556}") = "Test", "Test\Test.csproj", "{51A38539-88AA-481F-9567-88F61C8C4E4A}"
EndProject
Project("{9A19103F-16F7-4668-BE54-9A1E7A4F7556}") = "Common", "Common\Common.csproj", "{944D7639-2F9F-490D-AF35-91CE50BC868F}"
EndProject
Project("{2150E333-8FDC-42A3-9474-1A3956D46DE8}") = "Solution Items", "Solution Items", "{66713913-30A5-41C6-9608-A1BD23DA4E7E}"
	ProjectSection(SolutionItems) = preProject
		.dockerignore = .dockerignore
		Dockerfile = Dockerfile
	EndProjectSection
EndProject
Global
	GlobalSection(SolutionConfigurationPlatforms) = preSolution
		Debug|Any CPU = Debug|Any CPU
		Release|Any CPU = Release|Any CPU
	EndGlobalSection
	GlobalSection(ProjectConfigurationPlatforms) = postSolution
		{9EBEC111-214B-4923-9428-2F1B4CA10393}.Debug|Any CPU.ActiveCfg = Debug|Any CPU
		{9EBEC111-214B-4923-9428-2F1B4CA10393}.Debug|Any CPU.Build.0 = Debug|Any CPU
		{9EBEC111-214B-4923-9428-2F1B4CA10393}.Release|Any CPU.ActiveCfg = Release|Any CPU
		{9EBEC111-214B-4923-9428-2F1B4CA10393}.Release|Any CPU.Build.0 = Release|Any CPU
		{C8048B92-778C-441B-BB7F-9A7A977B2365}.Debug|Any CPU.ActiveCfg = Debug|Any CPU
		{C8048B92-778C-441B-BB7F-9A7A977B2365}.Debug|Any CPU.Build.0 = Debug|Any CPU
		{C8048B92-778C-441B-BB7F-9A7A977B2365}.Release|Any CPU.ActiveCfg = Release|Any CPU
		{C8048B92-778C-441B-BB7F-9A7A977B2365}.Release|Any CPU.Build.0 = Release|Any CPU
		{ECCAD598-7587-4ABB-B933-DA4E5F82B18B}.Debug|Any CPU.ActiveCfg = Debug|Any CPU
		{ECCAD598-7587-4ABB-B933-DA4E5F82B18B}.Debug|Any CPU.Build.0 = Debug|Any CPU
		{ECCAD598-7587-4ABB-B933-DA4E5F82B18B}.Release|Any CPU.ActiveCfg = Release|Any CPU
		{ECCAD598-7587-4ABB-B933-DA4E5F82B18B}.Release|Any CPU.Build.0 = Release|Any CPU
		{51A38539-88AA-481F-9567-88F61C8C4E4A}.Debug|Any CPU.ActiveCfg = Debug|Any CPU
		{51A38539-88AA-481F-9567-88F61C8C4E4A}.Debug|Any CPU.Build.0 = Debug|Any CPU
		{51A38539-88AA-481F-9567-88F61C8C4E4A}.Release|Any CPU.ActiveCfg = Release|Any CPU
		{51A38539-88AA-481F-9567-88F61C8C4E4A}.Release|Any CPU.Build.0 = Release|Any CPU
		{944D7639-2F9F-490D-AF35-91CE50BC868F}.Debug|Any CPU.ActiveCfg = Debug|Any CPU
		{944D7639-2F9F-490D-AF35-91CE50BC868F}.Debug|Any CPU.Build.0 = Debug|Any CPU
		{944D7639-2F9F-490D-AF35-91CE50BC868F}.Release|Any CPU.ActiveCfg = Release|Any CPU
		{944D7639-2F9F-490D-AF35-91CE50BC868F}.Release|Any CPU.Build.0 = Release|Any CPU
	EndGlobalSection
	GlobalSection(SolutionProperties) = preSolution
		HideSolutionNode = FALSE
	EndGlobalSection
	GlobalSection(ExtensibilityGlobals) = postSolution
		SolutionGuid = {0B4FAD70-D1A5-47D6-8F4E-C993B0390E3C}
	EndGlobalSection
EndGlobal
